
Microsoft Visual Studio Solution File, Format Version 12.00
# Visual Studio Version 17
VisualStudioVersion = 17.1.32228.430
MinimumVisualStudioVersion = 10.0.40219.1
Project("{FAE04EC0-301F-11D3-BF4B-00C04F79EFBC}") = "Parth Traders.API", "Parth Traders\Parth Traders.API.csproj", "{BD043945-7FA1-4E95-9959-0E95BE3945DE}"
EndProject
Project("{FAE04EC0-301F-11D3-BF4B-00C04F79EFBC}") = "Parth Traders.Data", "Parth Traders.Data\Parth Traders.Data.csproj", "{16035FB5-80CA-4A2C-AA67-4B4ECBCD7EC0}"
EndProject
Project("{FAE04EC0-301F-11D3-BF4B-00C04F79EFBC}") = "Parth Traders.Domain", "Parth Traders.Domain\Parth Traders.Domain.csproj", "{85EB23CF-71DE-4201-87C7-028B5833F0D6}"
EndProject
Project("{FAE04EC0-301F-11D3-BF4B-00C04F79EFBC}") = "Parth Traders.Service", "Parth Traders.Service\Parth Traders.Service.csproj", "{668A356C-DC93-4F20-B9F1-39EB2C91C3AB}"
EndProject
Global
	GlobalSection(SolutionConfigurationPlatforms) = preSolution
		Debug|Any CPU = Debug|Any CPU
		Release|Any CPU = Release|Any CPU
	EndGlobalSection
	GlobalSection(ProjectConfigurationPlatforms) = postSolution
		{BD043945-7FA1-4E95-9959-0E95BE3945DE}.Debug|Any CPU.ActiveCfg = Debug|Any CPU
		{BD043945-7FA1-4E95-9959-0E95BE3945DE}.Debug|Any CPU.Build.0 = Debug|Any CPU
		{BD043945-7FA1-4E95-9959-0E95BE3945DE}.Release|Any CPU.ActiveCfg = Release|Any CPU
		{BD043945-7FA1-4E95-9959-0E95BE3945DE}.Release|Any CPU.Build.0 = Release|Any CPU
		{16035FB5-80CA-4A2C-AA67-4B4ECBCD7EC0}.Debug|Any CPU.ActiveCfg = Debug|Any CPU
		{16035FB5-80CA-4A2C-AA67-4B4ECBCD7EC0}.Debug|Any CPU.Build.0 = Debug|Any CPU
		{16035FB5-80CA-4A2C-AA67-4B4ECBCD7EC0}.Release|Any CPU.ActiveCfg = Release|Any CPU
		{16035FB5-80CA-4A2C-AA67-4B4ECBCD7EC0}.Release|Any CPU.Build.0 = Release|Any CPU
		{85EB23CF-71DE-4201-87C7-028B5833F0D6}.Debug|Any CPU.ActiveCfg = Debug|Any CPU
		{85EB23CF-71DE-4201-87C7-028B5833F0D6}.Debug|Any CPU.Build.0 = Debug|Any CPU
		{85EB23CF-71DE-4201-87C7-028B5833F0D6}.Release|Any CPU.ActiveCfg = Release|Any CPU
		{85EB23CF-71DE-4201-87C7-028B5833F0D6}.Release|Any CPU.Build.0 = Release|Any CPU
		{668A356C-DC93-4F20-B9F1-39EB2C91C3AB}.Debug|Any CPU.ActiveCfg = Debug|Any CPU
		{668A356C-DC93-4F20-B9F1-39EB2C91C3AB}.Debug|Any CPU.Build.0 = Debug|Any CPU
		{668A356C-DC93-4F20-B9F1-39EB2C91C3AB}.Release|Any CPU.ActiveCfg = Release|Any CPU
		{668A356C-DC93-4F20-B9F1-39EB2C91C3AB}.Release|Any CPU.Build.0 = Release|Any CPU
	EndGlobalSection
	GlobalSection(SolutionProperties) = preSolution
		HideSolutionNode = FALSE
	EndGlobalSection
	GlobalSection(ExtensibilityGlobals) = postSolution
		SolutionGuid = {0E39ADE8-4E6F-439F-B2CC-A8E58604E0DA}
	EndGlobalSection
EndGlobal
